
Microsoft Visual Studio Solution File, Format Version 12.00
# Visual Studio Version 16
VisualStudioVersion = 16.0.31025.194
MinimumVisualStudioVersion = 10.0.40219.1
Project("{FAE04EC0-301F-11D3-BF4B-00C04F79EFBC}") = "OpenTKMultiOpenGL", "OpenTKMultiOpenGL\OpenTKMultiOpenGL.csproj", "{26AC5F7C-E9EC-43B2-A91A-978CCF9F4900}"
EndProject
Global
	GlobalSection(SolutionConfigurationPlatforms) = preSolution
		Debug|Any CPU = Debug|Any CPU
		Release|Any CPU = Release|Any CPU
	EndGlobalSection
	GlobalSection(ProjectConfigurationPlatforms) = postSolution
		{26AC5F7C-E9EC-43B2-A91A-978CCF9F4900}.Debug|Any CPU.ActiveCfg = Debug|Any CPU
		{26AC5F7C-E9EC-43B2-A91A-978CCF9F4900}.Debug|Any CPU.Build.0 = Debug|Any CPU
		{26AC5F7C-E9EC-43B2-A91A-978CCF9F4900}.Release|Any CPU.ActiveCfg = Release|Any CPU
		{26AC5F7C-E9EC-43B2-A91A-978CCF9F4900}.Release|Any CPU.Build.0 = Release|Any CPU
	EndGlobalSection
	GlobalSection(SolutionProperties) = preSolution
		HideSolutionNode = FALSE
	EndGlobalSection
	GlobalSection(ExtensibilityGlobals) = postSolution
		SolutionGuid = {0B7F40B2-56D1-4D9C-9AA2-1768006C1251}
	EndGlobalSection
EndGlobal
